// !$*UTF8*$!
{
	archiveVersion = 1;
	classes = {
	};
	objectVersion = 46;
	objects = {

/* Begin PBXBuildFile section */
		1D60589F0D05DD5A006BFB54 /* Foundation.framework in Frameworks */ = {isa = PBXBuildFile; fileRef = 1D30AB110D05D00D00671497 /* Foundation.framework */; };
		1DF5F4E00D08C38300B7A737 /* UIKit.framework in Frameworks */ = {isa = PBXBuildFile; fileRef = 1DF5F4DF0D08C38300B7A737 /* UIKit.framework */; };
		23EB420E9E34B63BF3681AA7 /* libcocos2d Mac.a in Frameworks */ = {isa = PBXBuildFile; fileRef = 7C6F44AB94788DFDFB07133F /* libcocos2d Mac.a */; };
		288765A50DF7441C002DB57D /* CoreGraphics.framework in Frameworks */ = {isa = PBXBuildFile; fileRef = 288765A40DF7441C002DB57D /* CoreGraphics.framework */; };
		46880B8819C43A87006E1F66 /* AppDelegate.cpp in Sources */ = {isa = PBXBuildFile; fileRef = 46880B8419C43A87006E1F66 /* AppDelegate.cpp */; };
		46880B8919C43A87006E1F66 /* AppDelegate.cpp in Sources */ = {isa = PBXBuildFile; fileRef = 46880B8419C43A87006E1F66 /* AppDelegate.cpp */; };
		503AE0F817EB97AB00D1A890 /* Icon.icns in Resources */ = {isa = PBXBuildFile; fileRef = 503AE0F617EB97AB00D1A890 /* Icon.icns */; };
		503AE10517EB98FF00D1A890 /* main.cpp in Sources */ = {isa = PBXBuildFile; fileRef = 503AE10317EB98FF00D1A890 /* main.cpp */; };
		503AE11217EB99EE00D1A890 /* libcurl.dylib in Frameworks */ = {isa = PBXBuildFile; fileRef = 503AE11117EB99EE00D1A890 /* libcurl.dylib */; };
		503AE11B17EB9C5A00D1A890 /* IOKit.framework in Frameworks */ = {isa = PBXBuildFile; fileRef = 503AE11A17EB9C5A00D1A890 /* IOKit.framework */; };
		5087E76317EB910900C73F5D /* Foundation.framework in Frameworks */ = {isa = PBXBuildFile; fileRef = 1D30AB110D05D00D00671497 /* Foundation.framework */; };
		5087E76717EB910900C73F5D /* libz.dylib in Frameworks */ = {isa = PBXBuildFile; fileRef = BF170DB412928DE900B8313A /* libz.dylib */; };
		5087E76817EB910900C73F5D /* QuartzCore.framework in Frameworks */ = {isa = PBXBuildFile; fileRef = BF1C47EA1293683800B63C5D /* QuartzCore.framework */; };
		5087E76917EB910900C73F5D /* OpenAL.framework in Frameworks */ = {isa = PBXBuildFile; fileRef = D44C620B132DFF330009C878 /* OpenAL.framework */; };
		5087E76A17EB910900C73F5D /* AVFoundation.framework in Frameworks */ = {isa = PBXBuildFile; fileRef = D44C620D132DFF430009C878 /* AVFoundation.framework */; };
		5087E76B17EB910900C73F5D /* AudioToolbox.framework in Frameworks */ = {isa = PBXBuildFile; fileRef = D44C620F132DFF4E0009C878 /* AudioToolbox.framework */; };
		5087E78917EB974C00C73F5D /* AppKit.framework in Frameworks */ = {isa = PBXBuildFile; fileRef = 5087E78817EB974C00C73F5D /* AppKit.framework */; };
		5087E78B17EB975400C73F5D /* OpenGL.framework in Frameworks */ = {isa = PBXBuildFile; fileRef = 5087E78A17EB975400C73F5D /* OpenGL.framework */; };
		880AB8751AAB05990057E013 /* Interface_android.cpp in Sources */ = {isa = PBXBuildFile; fileRef = 880AB8731AAB05990057E013 /* Interface_android.cpp */; };
		884249481A8BB6180044ABE6 /* GameMap.cpp in Sources */ = {isa = PBXBuildFile; fileRef = 884249461A8BB6180044ABE6 /* GameMap.cpp */; };
		885F12981A7A92C90037814F /* MainMenuScene.cpp in Sources */ = {isa = PBXBuildFile; fileRef = 885F12961A7A92C90037814F /* MainMenuScene.cpp */; };
		885F129B1A7A95330037814F /* Global.cpp in Sources */ = {isa = PBXBuildFile; fileRef = 885F12991A7A95330037814F /* Global.cpp */; };
		88725E741AA6074C00FCAEFA /* AdSupport.framework in Frameworks */ = {isa = PBXBuildFile; fileRef = 88725E731AA6074C00FCAEFA /* AdSupport.framework */; };
		88725E761AA6075200FCAEFA /* AudioToolbox.framework in Frameworks */ = {isa = PBXBuildFile; fileRef = 88725E751AA6075200FCAEFA /* AudioToolbox.framework */; };
		88725E781AA6075600FCAEFA /* AVFoundation.framework in Frameworks */ = {isa = PBXBuildFile; fileRef = 88725E771AA6075600FCAEFA /* AVFoundation.framework */; };
		88725E7A1AA6075B00FCAEFA /* CoreGraphics.framework in Frameworks */ = {isa = PBXBuildFile; fileRef = 88725E791AA6075B00FCAEFA /* CoreGraphics.framework */; };
		88725E7C1AA6076000FCAEFA /* CoreTelephony.framework in Frameworks */ = {isa = PBXBuildFile; fileRef = 88725E7B1AA6076000FCAEFA /* CoreTelephony.framework */; };
		88725E7F1AA6076500FCAEFA /* EventKit.framework in Frameworks */ = {isa = PBXBuildFile; fileRef = 88725E7D1AA6076500FCAEFA /* EventKit.framework */; };
		88725E801AA6076500FCAEFA /* EventKitUI.framework in Frameworks */ = {isa = PBXBuildFile; fileRef = 88725E7E1AA6076500FCAEFA /* EventKitUI.framework */; };
		88725E821AA6076A00FCAEFA /* MessageUI.framework in Frameworks */ = {isa = PBXBuildFile; fileRef = 88725E811AA6076A00FCAEFA /* MessageUI.framework */; };
		88725E861AA6077300FCAEFA /* SystemConfiguration.framework in Frameworks */ = {isa = PBXBuildFile; fileRef = 88725E851AA6077300FCAEFA /* SystemConfiguration.framework */; };
		88725E881AA6078400FCAEFA /* GoogleMobileAds.framework in Frameworks */ = {isa = PBXBuildFile; fileRef = 88725E871AA6078400FCAEFA /* GoogleMobileAds.framework */; };
		88762E391AAA08C500E94657 /* Images.xcassets in Resources */ = {isa = PBXBuildFile; fileRef = 88762E381AAA08C500E94657 /* Images.xcassets */; };
		88762E3D1AAA0B2700E94657 /* StoreKit.framework in Frameworks */ = {isa = PBXBuildFile; fileRef = 88762E3C1AAA0B2700E94657 /* StoreKit.framework */; };
		88762E401AAA20AA00E94657 /* FirstScene.cpp in Sources */ = {isa = PBXBuildFile; fileRef = 88762E3E1AAA20AA00E94657 /* FirstScene.cpp */; };
		8890D2DC1AC7DAAF00BBF0DE /* InfoPlist.strings in Resources */ = {isa = PBXBuildFile; fileRef = 8890D2DE1AC7DAAF00BBF0DE /* InfoPlist.strings */; };
		8894509F1AA76324005A3DCE /* TipLayer.cpp in Sources */ = {isa = PBXBuildFile; fileRef = 8894509D1AA76324005A3DCE /* TipLayer.cpp */; };
		88A328C51A89082900575160 /* Lump.cpp in Sources */ = {isa = PBXBuildFile; fileRef = 88A328C31A89082800575160 /* Lump.cpp */; };
		88D04EC71AA614EF001AD6E4 /* Interface_ios.mm in Sources */ = {isa = PBXBuildFile; fileRef = 88D04EC41AA614EF001AD6E4 /* Interface_ios.mm */; };
		88D04EC81AA614EF001AD6E4 /* Interface.cpp in Sources */ = {isa = PBXBuildFile; fileRef = 88D04EC51AA614EF001AD6E4 /* Interface.cpp */; };
		88D1AE521AA83189000F5FA9 /* AppController.mm in Sources */ = {isa = PBXBuildFile; fileRef = 88D1AE3A1AA83189000F5FA9 /* AppController.mm */; };
		88D1AE651AA83189000F5FA9 /* Info.plist in Resources */ = {isa = PBXBuildFile; fileRef = 88D1AE4D1AA83189000F5FA9 /* Info.plist */; };
		88D1AE661AA83189000F5FA9 /* main.m in Sources */ = {isa = PBXBuildFile; fileRef = 88D1AE4E1AA83189000F5FA9 /* main.m */; };
		88D1AE671AA83189000F5FA9 /* RootViewController.mm in Sources */ = {isa = PBXBuildFile; fileRef = 88D1AE511AA83189000F5FA9 /* RootViewController.mm */; };
		88D1AE6D1AA83341000F5FA9 /* libMobClickGameLibrary.a in Frameworks */ = {isa = PBXBuildFile; fileRef = 88D1AE6A1AA83341000F5FA9 /* libMobClickGameLibrary.a */; };
		88D1AE891AA8341B000F5FA9 /* UMSocialLocalizable.strings in Resources */ = {isa = PBXBuildFile; fileRef = 88D1AE6F1AA8341B000F5FA9 /* UMSocialLocalizable.strings */; };
		88D1AE8A1AA8341B000F5FA9 /* libUMSocial_Sdk_4.2.1.a in Frameworks */ = {isa = PBXBuildFile; fileRef = 88D1AE7D1AA8341B000F5FA9 /* libUMSocial_Sdk_4.2.1.a */; };
		88D1AE8B1AA8341B000F5FA9 /* UMSCommentDetailController.xib in Resources */ = {isa = PBXBuildFile; fileRef = 88D1AE7F1AA8341B000F5FA9 /* UMSCommentDetailController.xib */; };
		88D1AE8C1AA8341B000F5FA9 /* UMSCommentInputController.xib in Resources */ = {isa = PBXBuildFile; fileRef = 88D1AE801AA8341B000F5FA9 /* UMSCommentInputController.xib */; };
		88D1AE8D1AA8341B000F5FA9 /* UMSCommentInputControlleriPad.xib in Resources */ = {isa = PBXBuildFile; fileRef = 88D1AE811AA8341B000F5FA9 /* UMSCommentInputControlleriPad.xib */; };
		88D1AE8E1AA8341B000F5FA9 /* UMShareEditViewController.xib in Resources */ = {isa = PBXBuildFile; fileRef = 88D1AE821AA8341B000F5FA9 /* UMShareEditViewController.xib */; };
		88D1AE8F1AA8341B000F5FA9 /* UMShareEditViewControlleriPad.xib in Resources */ = {isa = PBXBuildFile; fileRef = 88D1AE831AA8341B000F5FA9 /* UMShareEditViewControlleriPad.xib */; };
		88D1AE901AA8341B000F5FA9 /* UMSLoginViewController.xib in Resources */ = {isa = PBXBuildFile; fileRef = 88D1AE841AA8341B000F5FA9 /* UMSLoginViewController.xib */; };
		88D1AE911AA8341B000F5FA9 /* UMSnsAccountViewController.xib in Resources */ = {isa = PBXBuildFile; fileRef = 88D1AE851AA8341B000F5FA9 /* UMSnsAccountViewController.xib */; };
		88D1AE921AA8341B000F5FA9 /* UMSShareListController.xib in Resources */ = {isa = PBXBuildFile; fileRef = 88D1AE861AA8341B000F5FA9 /* UMSShareListController.xib */; };
		88D1AE931AA8341B000F5FA9 /* UMSocialSDKResourcesNew.bundle in Resources */ = {isa = PBXBuildFile; fileRef = 88D1AE871AA8341B000F5FA9 /* UMSocialSDKResourcesNew.bundle */; };
		88D1AE9C1AA83434000F5FA9 /* libSocialSina.a in Frameworks */ = {isa = PBXBuildFile; fileRef = 88D1AE961AA83434000F5FA9 /* libSocialSina.a */; };
		88D1AE9D1AA83434000F5FA9 /* ios-social-sdk-shake.html in Resources */ = {isa = PBXBuildFile; fileRef = 88D1AE991AA83434000F5FA9 /* ios-social-sdk-shake.html */; };
		88D1AE9E1AA83434000F5FA9 /* libUMSocial_Sdk_ScreenShot_1.0.a in Frameworks */ = {isa = PBXBuildFile; fileRef = 88D1AE9A1AA83434000F5FA9 /* libUMSocial_Sdk_ScreenShot_1.0.a */; };
		88D1AEB31AA89337000F5FA9 /* json_internalarray.inl in Resources */ = {isa = PBXBuildFile; fileRef = 88D1AEAD1AA89337000F5FA9 /* json_internalarray.inl */; };
		88D1AEB41AA89337000F5FA9 /* json_internalmap.inl in Resources */ = {isa = PBXBuildFile; fileRef = 88D1AEAE1AA89337000F5FA9 /* json_internalmap.inl */; };
		88D1AEB51AA89337000F5FA9 /* json_reader.cpp in Sources */ = {isa = PBXBuildFile; fileRef = 88D1AEAF1AA89337000F5FA9 /* json_reader.cpp */; };
		88D1AEB61AA89337000F5FA9 /* json_value.cpp in Sources */ = {isa = PBXBuildFile; fileRef = 88D1AEB01AA89337000F5FA9 /* json_value.cpp */; };
		88D1AEB71AA89337000F5FA9 /* json_valueiterator.inl in Resources */ = {isa = PBXBuildFile; fileRef = 88D1AEB11AA89337000F5FA9 /* json_valueiterator.inl */; };
		88D1AEB81AA89337000F5FA9 /* json_writer.cpp in Sources */ = {isa = PBXBuildFile; fileRef = 88D1AEB21AA89337000F5FA9 /* json_writer.cpp */; };
		88ED58701AAB715100899BFD /* LogoScene.cpp in Sources */ = {isa = PBXBuildFile; fileRef = 88ED586E1AAB715100899BFD /* LogoScene.cpp */; };
		88FA501F1AC5A35400723E00 /* youmispot.a in Frameworks */ = {isa = PBXBuildFile; fileRef = 88FA501E1AC5A35400723E00 /* youmispot.a */; };
		88FA50211AC5A72900723E00 /* StoreKit.framework in Frameworks */ = {isa = PBXBuildFile; fileRef = 88FA50201AC5A72900723E00 /* StoreKit.framework */; };
		88FA50231AC5A73400723E00 /* Security.framework in Frameworks */ = {isa = PBXBuildFile; fileRef = 88FA50221AC5A73400723E00 /* Security.framework */; };
		88FA50251AC5A73D00723E00 /* CFNetwork.framework in Frameworks */ = {isa = PBXBuildFile; fileRef = 88FA50241AC5A73D00723E00 /* CFNetwork.framework */; };
		88FA50271AC5A74800723E00 /* SystemConfiguration.framework in Frameworks */ = {isa = PBXBuildFile; fileRef = 88FA50261AC5A74800723E00 /* SystemConfiguration.framework */; };
		88FA50291AC5A75000723E00 /* ImageIO.framework in Frameworks */ = {isa = PBXBuildFile; fileRef = 88FA50281AC5A75000723E00 /* ImageIO.framework */; };
		88FA502B1AC5A75800723E00 /* CoreMotion.framework in Frameworks */ = {isa = PBXBuildFile; fileRef = 88FA502A1AC5A75800723E00 /* CoreMotion.framework */; };
		88FA502D1AC5A77F00723E00 /* libsqlite3.dylib in Frameworks */ = {isa = PBXBuildFile; fileRef = 88FA502C1AC5A77F00723E00 /* libsqlite3.dylib */; };
		A26E47D3A498AB0ADAC85CF9 /* res in Resources */ = {isa = PBXBuildFile; fileRef = 435C40AC8DC8098A3DFD0FE0 /* res */; };
		AD9F4042A3BB98273BCD18C0 /* res in Resources */ = {isa = PBXBuildFile; fileRef = 435C40AC8DC8098A3DFD0FE0 /* res */; };
		BF171245129291EC00B8313A /* OpenGLES.framework in Frameworks */ = {isa = PBXBuildFile; fileRef = BF170DB012928DE900B8313A /* OpenGLES.framework */; };
		BF1712471292920000B8313A /* libz.dylib in Frameworks */ = {isa = PBXBuildFile; fileRef = BF170DB412928DE900B8313A /* libz.dylib */; };
		BF1C47F01293687400B63C5D /* QuartzCore.framework in Frameworks */ = {isa = PBXBuildFile; fileRef = BF1C47EA1293683800B63C5D /* QuartzCore.framework */; };
		C1784E1CAA38CBA0FA16AA9B /* libcocos2d iOS.a in Frameworks */ = {isa = PBXBuildFile; fileRef = 606A4975BBA2A15E7A8EC014 /* libcocos2d iOS.a */; };
		D44C620C132DFF330009C878 /* OpenAL.framework in Frameworks */ = {isa = PBXBuildFile; fileRef = D44C620B132DFF330009C878 /* OpenAL.framework */; };
		D44C620E132DFF430009C878 /* AVFoundation.framework in Frameworks */ = {isa = PBXBuildFile; fileRef = D44C620D132DFF430009C878 /* AVFoundation.framework */; };
		D44C6210132DFF4E0009C878 /* AudioToolbox.framework in Frameworks */ = {isa = PBXBuildFile; fileRef = D44C620F132DFF4E0009C878 /* AudioToolbox.framework */; };
		D6B0611B1803AB670077942B /* CoreMotion.framework in Frameworks */ = {isa = PBXBuildFile; fileRef = D6B0611A1803AB670077942B /* CoreMotion.framework */; };
/* End PBXBuildFile section */

/* Begin PBXFileReference section */
		1ACB3243164770DE00914215 /* libcurl.a */ = {isa = PBXFileReference; lastKnownFileType = archive.ar; name = libcurl.a; path = ../../cocos2dx/platform/third_party/ios/libraries/libcurl.a; sourceTree = "<group>"; };
		1D30AB110D05D00D00671497 /* Foundation.framework */ = {isa = PBXFileReference; lastKnownFileType = wrapper.framework; name = Foundation.framework; path = System/Library/Frameworks/Foundation.framework; sourceTree = SDKROOT; };
		1D6058910D05DD3D006BFB54 /* MyCppGame iOS.app */ = {isa = PBXFileReference; explicitFileType = wrapper.application; includeInIndex = 0; path = "MyCppGame iOS.app"; sourceTree = BUILT_PRODUCTS_DIR; };
		1DF5F4DF0D08C38300B7A737 /* UIKit.framework */ = {isa = PBXFileReference; lastKnownFileType = wrapper.framework; name = UIKit.framework; path = System/Library/Frameworks/UIKit.framework; sourceTree = SDKROOT; };
		288765A40DF7441C002DB57D /* CoreGraphics.framework */ = {isa = PBXFileReference; lastKnownFileType = wrapper.framework; name = CoreGraphics.framework; path = System/Library/Frameworks/CoreGraphics.framework; sourceTree = SDKROOT; };
		435C40AC8DC8098A3DFD0FE0 /* res */ = {isa = PBXFileReference; lastKnownFileType = "?"; name = res; path = ../res; sourceTree = "<group>"; };
		46880B8419C43A87006E1F66 /* AppDelegate.cpp */ = {isa = PBXFileReference; fileEncoding = 4; lastKnownFileType = sourcecode.cpp.cpp; path = AppDelegate.cpp; sourceTree = "<group>"; };
		46880B8519C43A87006E1F66 /* AppDelegate.h */ = {isa = PBXFileReference; fileEncoding = 4; lastKnownFileType = sourcecode.c.h; path = AppDelegate.h; sourceTree = "<group>"; };
		503AE0F617EB97AB00D1A890 /* Icon.icns */ = {isa = PBXFileReference; lastKnownFileType = image.icns; path = Icon.icns; sourceTree = "<group>"; };
		503AE0F717EB97AB00D1A890 /* Info.plist */ = {isa = PBXFileReference; fileEncoding = 4; lastKnownFileType = text.plist.xml; path = Info.plist; sourceTree = "<group>"; };
		503AE10317EB98FF00D1A890 /* main.cpp */ = {isa = PBXFileReference; fileEncoding = 4; lastKnownFileType = sourcecode.cpp.cpp; name = main.cpp; path = mac/main.cpp; sourceTree = "<group>"; };
		503AE10417EB98FF00D1A890 /* Prefix.pch */ = {isa = PBXFileReference; fileEncoding = 4; lastKnownFileType = sourcecode.c.h; name = Prefix.pch; path = mac/Prefix.pch; sourceTree = "<group>"; };
		503AE11117EB99EE00D1A890 /* libcurl.dylib */ = {isa = PBXFileReference; lastKnownFileType = "compiled.mach-o.dylib"; name = libcurl.dylib; path = usr/lib/libcurl.dylib; sourceTree = SDKROOT; };
		503AE11A17EB9C5A00D1A890 /* IOKit.framework */ = {isa = PBXFileReference; lastKnownFileType = wrapper.framework; name = IOKit.framework; path = System/Library/Frameworks/IOKit.framework; sourceTree = SDKROOT; };
		5087E76F17EB910900C73F5D /* MyCppGame Mac.app */ = {isa = PBXFileReference; explicitFileType = wrapper.application; includeInIndex = 0; path = "MyCppGame Mac.app"; sourceTree = BUILT_PRODUCTS_DIR; };
		5087E78817EB974C00C73F5D /* AppKit.framework */ = {isa = PBXFileReference; lastKnownFileType = wrapper.framework; name = AppKit.framework; path = System/Library/Frameworks/AppKit.framework; sourceTree = SDKROOT; };
		5087E78A17EB975400C73F5D /* OpenGL.framework */ = {isa = PBXFileReference; lastKnownFileType = wrapper.framework; name = OpenGL.framework; path = System/Library/Frameworks/OpenGL.framework; sourceTree = SDKROOT; };
		606A4975BBA2A15E7A8EC014 /* libcocos2d iOS.a */ = {isa = PBXFileReference; lastKnownFileType = archive.ar; name = "libcocos2d iOS.a"; path = "/Applications/Cocos/frameworks/cocos2d-x/prebuilt/ios/libcocos2d iOS.a"; sourceTree = "<absolute>"; };
		7C6F44AB94788DFDFB07133F /* libcocos2d Mac.a */ = {isa = PBXFileReference; lastKnownFileType = archive.ar; name = "libcocos2d Mac.a"; path = "/Applications/Cocos/frameworks/cocos2d-x/prebuilt/mac/libcocos2d Mac.a"; sourceTree = "<absolute>"; };
		880AB8731AAB05990057E013 /* Interface_android.cpp */ = {isa = PBXFileReference; fileEncoding = 4; lastKnownFileType = sourcecode.cpp.cpp; path = Interface_android.cpp; sourceTree = "<group>"; };
		884249461A8BB6180044ABE6 /* GameMap.cpp */ = {isa = PBXFileReference; fileEncoding = 4; lastKnownFileType = sourcecode.cpp.cpp; path = GameMap.cpp; sourceTree = "<group>"; };
		884249471A8BB6180044ABE6 /* GameMap.h */ = {isa = PBXFileReference; fileEncoding = 4; lastKnownFileType = sourcecode.c.h; path = GameMap.h; sourceTree = "<group>"; };
		885F12961A7A92C90037814F /* MainMenuScene.cpp */ = {isa = PBXFileReference; fileEncoding = 4; lastKnownFileType = sourcecode.cpp.cpp; path = MainMenuScene.cpp; sourceTree = "<group>"; };
		885F12971A7A92C90037814F /* MainMenuScene.h */ = {isa = PBXFileReference; fileEncoding = 4; lastKnownFileType = sourcecode.c.h; path = MainMenuScene.h; sourceTree = "<group>"; };
		885F12991A7A95330037814F /* Global.cpp */ = {isa = PBXFileReference; fileEncoding = 4; lastKnownFileType = sourcecode.cpp.cpp; path = Global.cpp; sourceTree = "<group>"; };
		885F129A1A7A95330037814F /* Global.h */ = {isa = PBXFileReference; fileEncoding = 4; lastKnownFileType = sourcecode.c.h; path = Global.h; sourceTree = "<group>"; };
		88725E731AA6074C00FCAEFA /* AdSupport.framework */ = {isa = PBXFileReference; lastKnownFileType = wrapper.framework; name = AdSupport.framework; path = Platforms/iPhoneOS.platform/Developer/SDKs/iPhoneOS8.1.sdk/System/Library/Frameworks/AdSupport.framework; sourceTree = DEVELOPER_DIR; };
		88725E751AA6075200FCAEFA /* AudioToolbox.framework */ = {isa = PBXFileReference; lastKnownFileType = wrapper.framework; name = AudioToolbox.framework; path = Platforms/iPhoneOS.platform/Developer/SDKs/iPhoneOS8.1.sdk/System/Library/Frameworks/AudioToolbox.framework; sourceTree = DEVELOPER_DIR; };
		88725E771AA6075600FCAEFA /* AVFoundation.framework */ = {isa = PBXFileReference; lastKnownFileType = wrapper.framework; name = AVFoundation.framework; path = Platforms/iPhoneOS.platform/Developer/SDKs/iPhoneOS8.1.sdk/System/Library/Frameworks/AVFoundation.framework; sourceTree = DEVELOPER_DIR; };
		88725E791AA6075B00FCAEFA /* CoreGraphics.framework */ = {isa = PBXFileReference; lastKnownFileType = wrapper.framework; name = CoreGraphics.framework; path = Platforms/iPhoneOS.platform/Developer/SDKs/iPhoneOS8.1.sdk/System/Library/Frameworks/CoreGraphics.framework; sourceTree = DEVELOPER_DIR; };
		88725E7B1AA6076000FCAEFA /* CoreTelephony.framework */ = {isa = PBXFileReference; lastKnownFileType = wrapper.framework; name = CoreTelephony.framework; path = Platforms/iPhoneOS.platform/Developer/SDKs/iPhoneOS8.1.sdk/System/Library/Frameworks/CoreTelephony.framework; sourceTree = DEVELOPER_DIR; };
		88725E7D1AA6076500FCAEFA /* EventKit.framework */ = {isa = PBXFileReference; lastKnownFileType = wrapper.framework; name = EventKit.framework; path = Platforms/iPhoneOS.platform/Developer/SDKs/iPhoneOS8.1.sdk/System/Library/Frameworks/EventKit.framework; sourceTree = DEVELOPER_DIR; };
		88725E7E1AA6076500FCAEFA /* EventKitUI.framework */ = {isa = PBXFileReference; lastKnownFileType = wrapper.framework; name = EventKitUI.framework; path = Platforms/iPhoneOS.platform/Developer/SDKs/iPhoneOS8.1.sdk/System/Library/Frameworks/EventKitUI.framework; sourceTree = DEVELOPER_DIR; };
		88725E811AA6076A00FCAEFA /* MessageUI.framework */ = {isa = PBXFileReference; lastKnownFileType = wrapper.framework; name = MessageUI.framework; path = Platforms/iPhoneOS.platform/Developer/SDKs/iPhoneOS8.1.sdk/System/Library/Frameworks/MessageUI.framework; sourceTree = DEVELOPER_DIR; };
		88725E851AA6077300FCAEFA /* SystemConfiguration.framework */ = {isa = PBXFileReference; lastKnownFileType = wrapper.framework; name = SystemConfiguration.framework; path = Platforms/iPhoneOS.platform/Developer/SDKs/iPhoneOS8.1.sdk/System/Library/Frameworks/SystemConfiguration.framework; sourceTree = DEVELOPER_DIR; };
		88725E871AA6078400FCAEFA /* GoogleMobileAds.framework */ = {isa = PBXFileReference; lastKnownFileType = wrapper.framework; name = GoogleMobileAds.framework; path = "../../../Downloads/GoogleMobileAdsSdkiOS-7.0-2.0/GoogleMobileAds.framework"; sourceTree = "<group>"; };
		88762E381AAA08C500E94657 /* Images.xcassets */ = {isa = PBXFileReference; lastKnownFileType = folder.assetcatalog; name = Images.xcassets; path = "MyCppGame iOS/Images.xcassets"; sourceTree = "<group>"; };
		88762E3C1AAA0B2700E94657 /* StoreKit.framework */ = {isa = PBXFileReference; lastKnownFileType = wrapper.framework; name = StoreKit.framework; path = Platforms/iPhoneOS.platform/Developer/SDKs/iPhoneOS8.1.sdk/System/Library/Frameworks/StoreKit.framework; sourceTree = DEVELOPER_DIR; };
		88762E3E1AAA20AA00E94657 /* FirstScene.cpp */ = {isa = PBXFileReference; fileEncoding = 4; lastKnownFileType = sourcecode.cpp.cpp; path = FirstScene.cpp; sourceTree = "<group>"; };
		88762E3F1AAA20AA00E94657 /* FirstScene.h */ = {isa = PBXFileReference; fileEncoding = 4; lastKnownFileType = sourcecode.c.h; path = FirstScene.h; sourceTree = "<group>"; };
		8890D2DF1AC7DB0D00BBF0DE /* zh-Hans */ = {isa = PBXFileReference; lastKnownFileType = text.plist.strings; name = "zh-Hans"; path = "zh-Hans.lproj/InfoPlist.strings"; sourceTree = "<group>"; };
		8894509D1AA76324005A3DCE /* TipLayer.cpp */ = {isa = PBXFileReference; fileEncoding = 4; lastKnownFileType = sourcecode.cpp.cpp; path = TipLayer.cpp; sourceTree = "<group>"; };
		8894509E1AA76324005A3DCE /* TipLayer.h */ = {isa = PBXFileReference; fileEncoding = 4; lastKnownFileType = sourcecode.c.h; path = TipLayer.h; sourceTree = "<group>"; };
		889DBCE91AC83ABD0026EE74 /* en */ = {isa = PBXFileReference; lastKnownFileType = text.plist.strings; name = en; path = en.lproj/UMSocialLocalizable.strings; sourceTree = "<group>"; };
		889DBCEA1AC83ABE0026EE74 /* en */ = {isa = PBXFileReference; lastKnownFileType = text.plist.strings; name = en; path = en.lproj/InfoPlist.strings; sourceTree = "<group>"; };
		88A328C31A89082800575160 /* Lump.cpp */ = {isa = PBXFileReference; fileEncoding = 4; lastKnownFileType = sourcecode.cpp.cpp; path = Lump.cpp; sourceTree = "<group>"; };
		88A328C41A89082900575160 /* Lump.h */ = {isa = PBXFileReference; fileEncoding = 4; lastKnownFileType = sourcecode.c.h; path = Lump.h; sourceTree = "<group>"; };
		88D04EC41AA614EF001AD6E4 /* Interface_ios.mm */ = {isa = PBXFileReference; fileEncoding = 4; lastKnownFileType = sourcecode.cpp.objcpp; path = Interface_ios.mm; sourceTree = "<group>"; };
		88D04EC51AA614EF001AD6E4 /* Interface.cpp */ = {isa = PBXFileReference; fileEncoding = 4; lastKnownFileType = sourcecode.cpp.cpp; path = Interface.cpp; sourceTree = "<group>"; };
		88D04EC61AA614EF001AD6E4 /* Interface.h */ = {isa = PBXFileReference; fileEncoding = 4; lastKnownFileType = sourcecode.c.h; path = Interface.h; sourceTree = "<group>"; };
		88D1AE391AA83189000F5FA9 /* AppController.h */ = {isa = PBXFileReference; fileEncoding = 4; lastKnownFileType = sourcecode.c.h; path = AppController.h; sourceTree = "<group>"; };
		88D1AE3A1AA83189000F5FA9 /* AppController.mm */ = {isa = PBXFileReference; fileEncoding = 4; lastKnownFileType = sourcecode.cpp.objcpp; path = AppController.mm; sourceTree = "<group>"; };
		88D1AE4D1AA83189000F5FA9 /* Info.plist */ = {isa = PBXFileReference; fileEncoding = 4; lastKnownFileType = text.plist.xml; path = Info.plist; sourceTree = "<group>"; };
		88D1AE4E1AA83189000F5FA9 /* main.m */ = {isa = PBXFileReference; fileEncoding = 4; lastKnownFileType = sourcecode.c.objc; path = main.m; sourceTree = "<group>"; };
		88D1AE4F1AA83189000F5FA9 /* Prefix.pch */ = {isa = PBXFileReference; fileEncoding = 4; lastKnownFileType = sourcecode.c.h; path = Prefix.pch; sourceTree = "<group>"; };
		88D1AE501AA83189000F5FA9 /* RootViewController.h */ = {isa = PBXFileReference; fileEncoding = 4; lastKnownFileType = sourcecode.c.h; path = RootViewController.h; sourceTree = "<group>"; };
		88D1AE511AA83189000F5FA9 /* RootViewController.mm */ = {isa = PBXFileReference; fileEncoding = 4; lastKnownFileType = sourcecode.cpp.objcpp; path = RootViewController.mm; sourceTree = "<group>"; };
		88D1AE6A1AA83341000F5FA9 /* libMobClickGameLibrary.a */ = {isa = PBXFileReference; lastKnownFileType = archive.ar; path = libMobClickGameLibrary.a; sourceTree = "<group>"; };
		88D1AE6B1AA83341000F5FA9 /* MobClick.h */ = {isa = PBXFileReference; fileEncoding = 4; lastKnownFileType = sourcecode.c.h; path = MobClick.h; sourceTree = "<group>"; };
		88D1AE6C1AA83341000F5FA9 /* MobClickGameAnalytics.h */ = {isa = PBXFileReference; fileEncoding = 4; lastKnownFileType = sourcecode.c.h; path = MobClickGameAnalytics.h; sourceTree = "<group>"; };
		88D1AE721AA8341B000F5FA9 /* UMSocial.h */ = {isa = PBXFileReference; fileEncoding = 4; lastKnownFileType = sourcecode.c.h; path = UMSocial.h; sourceTree = "<group>"; };
		88D1AE731AA8341B000F5FA9 /* UMSocialAccountManager.h */ = {isa = PBXFileReference; fileEncoding = 4; lastKnownFileType = sourcecode.c.h; path = UMSocialAccountManager.h; sourceTree = "<group>"; };
		88D1AE741AA8341B000F5FA9 /* UMSocialBar.h */ = {isa = PBXFileReference; fileEncoding = 4; lastKnownFileType = sourcecode.c.h; path = UMSocialBar.h; sourceTree = "<group>"; };
		88D1AE751AA8341B000F5FA9 /* UMSocialConfig.h */ = {isa = PBXFileReference; fileEncoding = 4; lastKnownFileType = sourcecode.c.h; path = UMSocialConfig.h; sourceTree = "<group>"; };
		88D1AE761AA8341B000F5FA9 /* UMSocialControllerService.h */ = {isa = PBXFileReference; fileEncoding = 4; lastKnownFileType = sourcecode.c.h; path = UMSocialControllerService.h; sourceTree = "<group>"; };
		88D1AE771AA8341B000F5FA9 /* UMSocialControllerServiceComment.h */ = {isa = PBXFileReference; fileEncoding = 4; lastKnownFileType = sourcecode.c.h; path = UMSocialControllerServiceComment.h; sourceTree = "<group>"; };
		88D1AE781AA8341B000F5FA9 /* UMSocialData.h */ = {isa = PBXFileReference; fileEncoding = 4; lastKnownFileType = sourcecode.c.h; path = UMSocialData.h; sourceTree = "<group>"; };
		88D1AE791AA8341B000F5FA9 /* UMSocialDataService.h */ = {isa = PBXFileReference; fileEncoding = 4; lastKnownFileType = sourcecode.c.h; path = UMSocialDataService.h; sourceTree = "<group>"; };
		88D1AE7A1AA8341B000F5FA9 /* UMSocialSnsData.h */ = {isa = PBXFileReference; fileEncoding = 4; lastKnownFileType = sourcecode.c.h; path = UMSocialSnsData.h; sourceTree = "<group>"; };
		88D1AE7B1AA8341B000F5FA9 /* UMSocialSnsPlatformManager.h */ = {isa = PBXFileReference; fileEncoding = 4; lastKnownFileType = sourcecode.c.h; path = UMSocialSnsPlatformManager.h; sourceTree = "<group>"; };
		88D1AE7C1AA8341B000F5FA9 /* UMSocialSnsService.h */ = {isa = PBXFileReference; fileEncoding = 4; lastKnownFileType = sourcecode.c.h; path = UMSocialSnsService.h; sourceTree = "<group>"; };
		88D1AE7D1AA8341B000F5FA9 /* libUMSocial_Sdk_4.2.1.a */ = {isa = PBXFileReference; lastKnownFileType = archive.ar; path = libUMSocial_Sdk_4.2.1.a; sourceTree = "<group>"; };
		88D1AE7F1AA8341B000F5FA9 /* UMSCommentDetailController.xib */ = {isa = PBXFileReference; fileEncoding = 4; lastKnownFileType = file.xib; path = UMSCommentDetailController.xib; sourceTree = "<group>"; };
		88D1AE801AA8341B000F5FA9 /* UMSCommentInputController.xib */ = {isa = PBXFileReference; fileEncoding = 4; lastKnownFileType = file.xib; path = UMSCommentInputController.xib; sourceTree = "<group>"; };
		88D1AE811AA8341B000F5FA9 /* UMSCommentInputControlleriPad.xib */ = {isa = PBXFileReference; fileEncoding = 4; lastKnownFileType = file.xib; path = UMSCommentInputControlleriPad.xib; sourceTree = "<group>"; };
		88D1AE821AA8341B000F5FA9 /* UMShareEditViewController.xib */ = {isa = PBXFileReference; fileEncoding = 4; lastKnownFileType = file.xib; path = UMShareEditViewController.xib; sourceTree = "<group>"; };
		88D1AE831AA8341B000F5FA9 /* UMShareEditViewControlleriPad.xib */ = {isa = PBXFileReference; fileEncoding = 4; lastKnownFileType = file.xib; path = UMShareEditViewControlleriPad.xib; sourceTree = "<group>"; };
		88D1AE841AA8341B000F5FA9 /* UMSLoginViewController.xib */ = {isa = PBXFileReference; fileEncoding = 4; lastKnownFileType = file.xib; path = UMSLoginViewController.xib; sourceTree = "<group>"; };
		88D1AE851AA8341B000F5FA9 /* UMSnsAccountViewController.xib */ = {isa = PBXFileReference; fileEncoding = 4; lastKnownFileType = file.xib; path = UMSnsAccountViewController.xib; sourceTree = "<group>"; };
		88D1AE861AA8341B000F5FA9 /* UMSShareListController.xib */ = {isa = PBXFileReference; fileEncoding = 4; lastKnownFileType = file.xib; path = UMSShareListController.xib; sourceTree = "<group>"; };
		88D1AE871AA8341B000F5FA9 /* UMSocialSDKResourcesNew.bundle */ = {isa = PBXFileReference; lastKnownFileType = "wrapper.plug-in"; path = UMSocialSDKResourcesNew.bundle; sourceTree = "<group>"; };
		88D1AE881AA8341B000F5FA9 /* zh-Hans */ = {isa = PBXFileReference; lastKnownFileType = text.plist.strings; name = "zh-Hans"; path = "zh-Hans.lproj/UMSocialLocalizable.strings"; sourceTree = "<group>"; };
		88D1AE961AA83434000F5FA9 /* libSocialSina.a */ = {isa = PBXFileReference; lastKnownFileType = archive.ar; path = libSocialSina.a; sourceTree = "<group>"; };
		88D1AE971AA83434000F5FA9 /* UMSocialSinaHandler.h */ = {isa = PBXFileReference; fileEncoding = 4; lastKnownFileType = sourcecode.c.h; path = UMSocialSinaHandler.h; sourceTree = "<group>"; };
		88D1AE991AA83434000F5FA9 /* ios-social-sdk-shake.html */ = {isa = PBXFileReference; fileEncoding = 4; lastKnownFileType = text.html; path = "ios-social-sdk-shake.html"; sourceTree = "<group>"; };
		88D1AE9A1AA83434000F5FA9 /* libUMSocial_Sdk_ScreenShot_1.0.a */ = {isa = PBXFileReference; lastKnownFileType = archive.ar; path = libUMSocial_Sdk_ScreenShot_1.0.a; sourceTree = "<group>"; };
		88D1AE9B1AA83434000F5FA9 /* UMSocialScreenShoter.h */ = {isa = PBXFileReference; fileEncoding = 4; lastKnownFileType = sourcecode.c.h; path = UMSocialScreenShoter.h; sourceTree = "<group>"; };
		88D1AEA21AA89337000F5FA9 /* autolink.h */ = {isa = PBXFileReference; fileEncoding = 4; lastKnownFileType = sourcecode.c.h; path = autolink.h; sourceTree = "<group>"; };
		88D1AEA31AA89337000F5FA9 /* config.h */ = {isa = PBXFileReference; fileEncoding = 4; lastKnownFileType = sourcecode.c.h; path = config.h; sourceTree = "<group>"; };
		88D1AEA41AA89337000F5FA9 /* features.h */ = {isa = PBXFileReference; fileEncoding = 4; lastKnownFileType = sourcecode.c.h; path = features.h; sourceTree = "<group>"; };
		88D1AEA51AA89337000F5FA9 /* forwards.h */ = {isa = PBXFileReference; fileEncoding = 4; lastKnownFileType = sourcecode.c.h; path = forwards.h; sourceTree = "<group>"; };
		88D1AEA61AA89337000F5FA9 /* jsons.h */ = {isa = PBXFileReference; fileEncoding = 4; lastKnownFileType = sourcecode.c.h; path = jsons.h; sourceTree = "<group>"; };
		88D1AEA71AA89337000F5FA9 /* reader.h */ = {isa = PBXFileReference; fileEncoding = 4; lastKnownFileType = sourcecode.c.h; path = reader.h; sourceTree = "<group>"; };
		88D1AEA81AA89337000F5FA9 /* value.h */ = {isa = PBXFileReference; fileEncoding = 4; lastKnownFileType = sourcecode.c.h; path = value.h; sourceTree = "<group>"; };
		88D1AEA91AA89337000F5FA9 /* writer.h */ = {isa = PBXFileReference; fileEncoding = 4; lastKnownFileType = sourcecode.c.h; path = writer.h; sourceTree = "<group>"; };
		88D1AEAC1AA89337000F5FA9 /* json_batchallocator.h */ = {isa = PBXFileReference; fileEncoding = 4; lastKnownFileType = sourcecode.c.h; path = json_batchallocator.h; sourceTree = "<group>"; };
		88D1AEAD1AA89337000F5FA9 /* json_internalarray.inl */ = {isa = PBXFileReference; fileEncoding = 4; lastKnownFileType = text; path = json_internalarray.inl; sourceTree = "<group>"; };
		88D1AEAE1AA89337000F5FA9 /* json_internalmap.inl */ = {isa = PBXFileReference; fileEncoding = 4; lastKnownFileType = text; path = json_internalmap.inl; sourceTree = "<group>"; };
		88D1AEAF1AA89337000F5FA9 /* json_reader.cpp */ = {isa = PBXFileReference; fileEncoding = 4; lastKnownFileType = sourcecode.cpp.cpp; path = json_reader.cpp; sourceTree = "<group>"; };
		88D1AEB01AA89337000F5FA9 /* json_value.cpp */ = {isa = PBXFileReference; fileEncoding = 4; lastKnownFileType = sourcecode.cpp.cpp; path = json_value.cpp; sourceTree = "<group>"; };
		88D1AEB11AA89337000F5FA9 /* json_valueiterator.inl */ = {isa = PBXFileReference; fileEncoding = 4; lastKnownFileType = text; path = json_valueiterator.inl; sourceTree = "<group>"; };
		88D1AEB21AA89337000F5FA9 /* json_writer.cpp */ = {isa = PBXFileReference; fileEncoding = 4; lastKnownFileType = sourcecode.cpp.cpp; path = json_writer.cpp; sourceTree = "<group>"; };
		88ED586E1AAB715100899BFD /* LogoScene.cpp */ = {isa = PBXFileReference; fileEncoding = 4; lastKnownFileType = sourcecode.cpp.cpp; path = LogoScene.cpp; sourceTree = "<group>"; };
		88ED586F1AAB715100899BFD /* LogoScene.h */ = {isa = PBXFileReference; fileEncoding = 4; lastKnownFileType = sourcecode.c.h; path = LogoScene.h; sourceTree = "<group>"; };
		88FA501B1AC5A35400723E00 /* ConfigHeader.h */ = {isa = PBXFileReference; fileEncoding = 4; lastKnownFileType = sourcecode.c.h; path = ConfigHeader.h; sourceTree = "<group>"; };
		88FA501C1AC5A35400723E00 /* symbols_spotconfuse.h */ = {isa = PBXFileReference; fileEncoding = 4; lastKnownFileType = sourcecode.c.h; path = symbols_spotconfuse.h; sourceTree = "<group>"; };
		88FA501D1AC5A35400723E00 /* YouMiNewSpot.h */ = {isa = PBXFileReference; fileEncoding = 4; lastKnownFileType = sourcecode.c.h; path = YouMiNewSpot.h; sourceTree = "<group>"; };
		88FA501E1AC5A35400723E00 /* youmispot.a */ = {isa = PBXFileReference; lastKnownFileType = archive.ar; path = youmispot.a; sourceTree = "<group>"; };
		88FA50201AC5A72900723E00 /* StoreKit.framework */ = {isa = PBXFileReference; lastKnownFileType = wrapper.framework; name = StoreKit.framework; path = Platforms/iPhoneOS.platform/Developer/SDKs/iPhoneOS8.2.sdk/System/Library/Frameworks/StoreKit.framework; sourceTree = DEVELOPER_DIR; };
		88FA50221AC5A73400723E00 /* Security.framework */ = {isa = PBXFileReference; lastKnownFileType = wrapper.framework; name = Security.framework; path = Platforms/iPhoneOS.platform/Developer/SDKs/iPhoneOS8.2.sdk/System/Library/Frameworks/Security.framework; sourceTree = DEVELOPER_DIR; };
		88FA50241AC5A73D00723E00 /* CFNetwork.framework */ = {isa = PBXFileReference; lastKnownFileType = wrapper.framework; name = CFNetwork.framework; path = Platforms/iPhoneOS.platform/Developer/SDKs/iPhoneOS8.2.sdk/System/Library/Frameworks/CFNetwork.framework; sourceTree = DEVELOPER_DIR; };
		88FA50261AC5A74800723E00 /* SystemConfiguration.framework */ = {isa = PBXFileReference; lastKnownFileType = wrapper.framework; name = SystemConfiguration.framework; path = Platforms/iPhoneOS.platform/Developer/SDKs/iPhoneOS8.2.sdk/System/Library/Frameworks/SystemConfiguration.framework; sourceTree = DEVELOPER_DIR; };
		88FA50281AC5A75000723E00 /* ImageIO.framework */ = {isa = PBXFileReference; lastKnownFileType = wrapper.framework; name = ImageIO.framework; path = Platforms/iPhoneOS.platform/Developer/SDKs/iPhoneOS8.2.sdk/System/Library/Frameworks/ImageIO.framework; sourceTree = DEVELOPER_DIR; };
		88FA502A1AC5A75800723E00 /* CoreMotion.framework */ = {isa = PBXFileReference; lastKnownFileType = wrapper.framework; name = CoreMotion.framework; path = Platforms/iPhoneOS.platform/Developer/SDKs/iPhoneOS8.2.sdk/System/Library/Frameworks/CoreMotion.framework; sourceTree = DEVELOPER_DIR; };
		88FA502C1AC5A77F00723E00 /* libsqlite3.dylib */ = {isa = PBXFileReference; lastKnownFileType = "compiled.mach-o.dylib"; name = libsqlite3.dylib; path = Platforms/iPhoneOS.platform/Developer/SDKs/iPhoneOS8.2.sdk/usr/lib/libsqlite3.dylib; sourceTree = DEVELOPER_DIR; };
		BF170DB012928DE900B8313A /* OpenGLES.framework */ = {isa = PBXFileReference; lastKnownFileType = wrapper.framework; name = OpenGLES.framework; path = System/Library/Frameworks/OpenGLES.framework; sourceTree = SDKROOT; };
		BF170DB412928DE900B8313A /* libz.dylib */ = {isa = PBXFileReference; lastKnownFileType = "compiled.mach-o.dylib"; name = libz.dylib; path = usr/lib/libz.dylib; sourceTree = SDKROOT; };
		BF1C47EA1293683800B63C5D /* QuartzCore.framework */ = {isa = PBXFileReference; lastKnownFileType = wrapper.framework; name = QuartzCore.framework; path = System/Library/Frameworks/QuartzCore.framework; sourceTree = SDKROOT; };
		D44C620B132DFF330009C878 /* OpenAL.framework */ = {isa = PBXFileReference; lastKnownFileType = wrapper.framework; name = OpenAL.framework; path = System/Library/Frameworks/OpenAL.framework; sourceTree = SDKROOT; };
		D44C620D132DFF430009C878 /* AVFoundation.framework */ = {isa = PBXFileReference; lastKnownFileType = wrapper.framework; name = AVFoundation.framework; path = System/Library/Frameworks/AVFoundation.framework; sourceTree = SDKROOT; };
		D44C620F132DFF4E0009C878 /* AudioToolbox.framework */ = {isa = PBXFileReference; lastKnownFileType = wrapper.framework; name = AudioToolbox.framework; path = System/Library/Frameworks/AudioToolbox.framework; sourceTree = SDKROOT; };
		D6B0611A1803AB670077942B /* CoreMotion.framework */ = {isa = PBXFileReference; lastKnownFileType = wrapper.framework; name = CoreMotion.framework; path = Platforms/iPhoneOS.platform/Developer/SDKs/iPhoneOS7.0.sdk/System/Library/Frameworks/CoreMotion.framework; sourceTree = DEVELOPER_DIR; };
/* End PBXFileReference section */

/* Begin PBXFrameworksBuildPhase section */
		1D60588F0D05DD3D006BFB54 /* Frameworks */ = {
			isa = PBXFrameworksBuildPhase;
			buildActionMask = 2147483647;
			files = (
				88FA502D1AC5A77F00723E00 /* libsqlite3.dylib in Frameworks */,
				88FA502B1AC5A75800723E00 /* CoreMotion.framework in Frameworks */,
				88FA50291AC5A75000723E00 /* ImageIO.framework in Frameworks */,
				88FA50271AC5A74800723E00 /* SystemConfiguration.framework in Frameworks */,
				88FA50251AC5A73D00723E00 /* CFNetwork.framework in Frameworks */,
				88FA50231AC5A73400723E00 /* Security.framework in Frameworks */,
				88FA50211AC5A72900723E00 /* StoreKit.framework in Frameworks */,
				88D1AE9E1AA83434000F5FA9 /* libUMSocial_Sdk_ScreenShot_1.0.a in Frameworks */,
				88725E861AA6077300FCAEFA /* SystemConfiguration.framework in Frameworks */,
				88D1AE9C1AA83434000F5FA9 /* libSocialSina.a in Frameworks */,
				88725E821AA6076A00FCAEFA /* MessageUI.framework in Frameworks */,
				88725E7F1AA6076500FCAEFA /* EventKit.framework in Frameworks */,
				88FA501F1AC5A35400723E00 /* youmispot.a in Frameworks */,
				88725E801AA6076500FCAEFA /* EventKitUI.framework in Frameworks */,
				88725E7C1AA6076000FCAEFA /* CoreTelephony.framework in Frameworks */,
				88725E7A1AA6075B00FCAEFA /* CoreGraphics.framework in Frameworks */,
				88725E781AA6075600FCAEFA /* AVFoundation.framework in Frameworks */,
				88725E761AA6075200FCAEFA /* AudioToolbox.framework in Frameworks */,
				88725E741AA6074C00FCAEFA /* AdSupport.framework in Frameworks */,
				88762E3D1AAA0B2700E94657 /* StoreKit.framework in Frameworks */,
				88D1AE6D1AA83341000F5FA9 /* libMobClickGameLibrary.a in Frameworks */,
				D6B0611B1803AB670077942B /* CoreMotion.framework in Frameworks */,
				1D60589F0D05DD5A006BFB54 /* Foundation.framework in Frameworks */,
				1DF5F4E00D08C38300B7A737 /* UIKit.framework in Frameworks */,
				288765A50DF7441C002DB57D /* CoreGraphics.framework in Frameworks */,
				88725E881AA6078400FCAEFA /* GoogleMobileAds.framework in Frameworks */,
				BF171245129291EC00B8313A /* OpenGLES.framework in Frameworks */,
				BF1712471292920000B8313A /* libz.dylib in Frameworks */,
				BF1C47F01293687400B63C5D /* QuartzCore.framework in Frameworks */,
				D44C620C132DFF330009C878 /* OpenAL.framework in Frameworks */,
				D44C620E132DFF430009C878 /* AVFoundation.framework in Frameworks */,
				88D1AE8A1AA8341B000F5FA9 /* libUMSocial_Sdk_4.2.1.a in Frameworks */,
				D44C6210132DFF4E0009C878 /* AudioToolbox.framework in Frameworks */,
				C1784E1CAA38CBA0FA16AA9B /* libcocos2d iOS.a in Frameworks */,
			);
			runOnlyForDeploymentPostprocessing = 0;
		};
		5087E75C17EB910900C73F5D /* Frameworks */ = {
			isa = PBXFrameworksBuildPhase;
			buildActionMask = 2147483647;
			files = (
				503AE11217EB99EE00D1A890 /* libcurl.dylib in Frameworks */,
				5087E76717EB910900C73F5D /* libz.dylib in Frameworks */,
				503AE11B17EB9C5A00D1A890 /* IOKit.framework in Frameworks */,
				5087E78B17EB975400C73F5D /* OpenGL.framework in Frameworks */,
				5087E78917EB974C00C73F5D /* AppKit.framework in Frameworks */,
				5087E76317EB910900C73F5D /* Foundation.framework in Frameworks */,
				5087E76817EB910900C73F5D /* QuartzCore.framework in Frameworks */,
				5087E76917EB910900C73F5D /* OpenAL.framework in Frameworks */,
				5087E76A17EB910900C73F5D /* AVFoundation.framework in Frameworks */,
				5087E76B17EB910900C73F5D /* AudioToolbox.framework in Frameworks */,
				23EB420E9E34B63BF3681AA7 /* libcocos2d Mac.a in Frameworks */,
			);
			runOnlyForDeploymentPostprocessing = 0;
		};
/* End PBXFrameworksBuildPhase section */

/* Begin PBXGroup section */
		19C28FACFE9D520D11CA2CBB /* Products */ = {
			isa = PBXGroup;
			children = (
				1D6058910D05DD3D006BFB54 /* MyCppGame iOS.app */,
				5087E76F17EB910900C73F5D /* MyCppGame Mac.app */,
			);
			name = Products;
			sourceTree = "<group>";
		};
		29B97314FDCFA39411CA2CEA /* CustomTemplate */ = {
			isa = PBXGroup;
			children = (
				88762E381AAA08C500E94657 /* Images.xcassets */,
				46880B8319C43A87006E1F66 /* Classes */,
				88D1AE381AA83189000F5FA9 /* ios */,
				503AE10617EB990700D1A890 /* mac */,
				19C28FACFE9D520D11CA2CBB /* Products */,
				FA5D47C1B3E9A34D6FC3A16E /* ios-libs */,
				F8E442E8A6DD0F13A8C853CC /* mac-libs */,
				435C40AC8DC8098A3DFD0FE0 /* res */,
				88D1AD7B1AA829A2000F5FA9 /* Framework */,
			);
			name = CustomTemplate;
			sourceTree = "<group>";
		};
		29B97323FDCFA39411CA2CEA /* Frameworks */ = {
			isa = PBXGroup;
			children = (
				D6B0611A1803AB670077942B /* CoreMotion.framework */,
				503AE11A17EB9C5A00D1A890 /* IOKit.framework */,
				503AE11117EB99EE00D1A890 /* libcurl.dylib */,
				5087E78A17EB975400C73F5D /* OpenGL.framework */,
				5087E78817EB974C00C73F5D /* AppKit.framework */,
				1ACB3243164770DE00914215 /* libcurl.a */,
				BF170DB412928DE900B8313A /* libz.dylib */,
				D44C620F132DFF4E0009C878 /* AudioToolbox.framework */,
				D44C620D132DFF430009C878 /* AVFoundation.framework */,
				288765A40DF7441C002DB57D /* CoreGraphics.framework */,
				1D30AB110D05D00D00671497 /* Foundation.framework */,
				D44C620B132DFF330009C878 /* OpenAL.framework */,
				BF170DB012928DE900B8313A /* OpenGLES.framework */,
				BF1C47EA1293683800B63C5D /* QuartzCore.framework */,
				1DF5F4DF0D08C38300B7A737 /* UIKit.framework */,
			);
			name = Frameworks;
			path = ../proj.ios_mac;
			sourceTree = "<group>";
		};
		46880B8319C43A87006E1F66 /* Classes */ = {
			isa = PBXGroup;
			children = (
				46880B8419C43A87006E1F66 /* AppDelegate.cpp */,
				46880B8519C43A87006E1F66 /* AppDelegate.h */,
				88D04EC41AA614EF001AD6E4 /* Interface_ios.mm */,
				88D04EC51AA614EF001AD6E4 /* Interface.cpp */,
				880AB8731AAB05990057E013 /* Interface_android.cpp */,
				88D04EC61AA614EF001AD6E4 /* Interface.h */,
				88ED586E1AAB715100899BFD /* LogoScene.cpp */,
				88ED586F1AAB715100899BFD /* LogoScene.h */,
				885F12961A7A92C90037814F /* MainMenuScene.cpp */,
				885F12971A7A92C90037814F /* MainMenuScene.h */,
				88762E3E1AAA20AA00E94657 /* FirstScene.cpp */,
				88762E3F1AAA20AA00E94657 /* FirstScene.h */,
				8894509D1AA76324005A3DCE /* TipLayer.cpp */,
				8894509E1AA76324005A3DCE /* TipLayer.h */,
				88A328C31A89082800575160 /* Lump.cpp */,
				88A328C41A89082900575160 /* Lump.h */,
				884249461A8BB6180044ABE6 /* GameMap.cpp */,
				884249471A8BB6180044ABE6 /* GameMap.h */,
				29B97323FDCFA39411CA2CEA /* Frameworks */,
				885F12991A7A95330037814F /* Global.cpp */,
				885F129A1A7A95330037814F /* Global.h */,
			);
			name = Classes;
			path = ../Classes;
			sourceTree = "<group>";
		};
		503AE0F517EB97AB00D1A890 /* Icons */ = {
			isa = PBXGroup;
			children = (
				503AE0F617EB97AB00D1A890 /* Icon.icns */,
				503AE0F717EB97AB00D1A890 /* Info.plist */,
			);
			name = Icons;
			path = mac;
			sourceTree = SOURCE_ROOT;
		};
		503AE10617EB990700D1A890 /* mac */ = {
			isa = PBXGroup;
			children = (
				503AE0F517EB97AB00D1A890 /* Icons */,
				503AE10317EB98FF00D1A890 /* main.cpp */,
				503AE10417EB98FF00D1A890 /* Prefix.pch */,
			);
			name = mac;
			sourceTree = "<group>";
		};
		88D1AD7B1AA829A2000F5FA9 /* Framework */ = {
			isa = PBXGroup;
			children = (
				88FA502C1AC5A77F00723E00 /* libsqlite3.dylib */,
				88FA502A1AC5A75800723E00 /* CoreMotion.framework */,
				88FA50281AC5A75000723E00 /* ImageIO.framework */,
				88FA50261AC5A74800723E00 /* SystemConfiguration.framework */,
				88FA50241AC5A73D00723E00 /* CFNetwork.framework */,
				88FA50221AC5A73400723E00 /* Security.framework */,
				88FA50201AC5A72900723E00 /* StoreKit.framework */,
				88762E3C1AAA0B2700E94657 /* StoreKit.framework */,
				88725E871AA6078400FCAEFA /* GoogleMobileAds.framework */,
				88725E851AA6077300FCAEFA /* SystemConfiguration.framework */,
				88725E811AA6076A00FCAEFA /* MessageUI.framework */,
				88725E7D1AA6076500FCAEFA /* EventKit.framework */,
				88725E7E1AA6076500FCAEFA /* EventKitUI.framework */,
				88725E7B1AA6076000FCAEFA /* CoreTelephony.framework */,
				88725E791AA6075B00FCAEFA /* CoreGraphics.framework */,
				88725E771AA6075600FCAEFA /* AVFoundation.framework */,
				88725E751AA6075200FCAEFA /* AudioToolbox.framework */,
				88725E731AA6074C00FCAEFA /* AdSupport.framework */,
			);
			name = Framework;
			sourceTree = "<group>";
		};
		88D1AE381AA83189000F5FA9 /* ios */ = {
			isa = PBXGroup;
			children = (
				88D1AE691AA8332F000F5FA9 /* libs */,
				88D1AE681AA831AB000F5FA9 /* Icons */,
				88D1AE391AA83189000F5FA9 /* AppController.h */,
				88D1AE3A1AA83189000F5FA9 /* AppController.mm */,
				88D1AE4E1AA83189000F5FA9 /* main.m */,
				88D1AE4F1AA83189000F5FA9 /* Prefix.pch */,
				88D1AE501AA83189000F5FA9 /* RootViewController.h */,
				88D1AE511AA83189000F5FA9 /* RootViewController.mm */,
			);
			path = ios;
			sourceTree = "<group>";
		};
		88D1AE681AA831AB000F5FA9 /* Icons */ = {
			isa = PBXGroup;
			children = (
				8890D2DE1AC7DAAF00BBF0DE /* InfoPlist.strings */,
				88D1AE4D1AA83189000F5FA9 /* Info.plist */,
			);
			name = Icons;
			sourceTree = "<group>";
		};
		88D1AE691AA8332F000F5FA9 /* libs */ = {
			isa = PBXGroup;
			children = (
				88FA50191AC5A35400723E00 /* spotlib */,
				88D1AE9F1AA89337000F5FA9 /* jsoncpp */,
				88D1AE941AA83434000F5FA9 /* UMSocial_Sdk_Extra_Frameworks */,
				88D1AE6E1AA8341B000F5FA9 /* UMSocial_Sdk_4.2.1 */,
				88D1AE6A1AA83341000F5FA9 /* libMobClickGameLibrary.a */,
				88D1AE6B1AA83341000F5FA9 /* MobClick.h */,
				88D1AE6C1AA83341000F5FA9 /* MobClickGameAnalytics.h */,
			);
			name = libs;
			sourceTree = "<group>";
		};
		88D1AE6E1AA8341B000F5FA9 /* UMSocial_Sdk_4.2.1 */ = {
			isa = PBXGroup;
			children = (
				88D1AE6F1AA8341B000F5FA9 /* UMSocialLocalizable.strings */,
				88D1AE711AA8341B000F5FA9 /* Header */,
				88D1AE7D1AA8341B000F5FA9 /* libUMSocial_Sdk_4.2.1.a */,
				88D1AE7E1AA8341B000F5FA9 /* SocialSDKXib */,
				88D1AE871AA8341B000F5FA9 /* UMSocialSDKResourcesNew.bundle */,
			);
			path = UMSocial_Sdk_4.2.1;
			sourceTree = "<group>";
		};
		88D1AE711AA8341B000F5FA9 /* Header */ = {
			isa = PBXGroup;
			children = (
				88D1AE721AA8341B000F5FA9 /* UMSocial.h */,
				88D1AE731AA8341B000F5FA9 /* UMSocialAccountManager.h */,
				88D1AE741AA8341B000F5FA9 /* UMSocialBar.h */,
				88D1AE751AA8341B000F5FA9 /* UMSocialConfig.h */,
				88D1AE761AA8341B000F5FA9 /* UMSocialControllerService.h */,
				88D1AE771AA8341B000F5FA9 /* UMSocialControllerServiceComment.h */,
				88D1AE781AA8341B000F5FA9 /* UMSocialData.h */,
				88D1AE791AA8341B000F5FA9 /* UMSocialDataService.h */,
				88D1AE7A1AA8341B000F5FA9 /* UMSocialSnsData.h */,
				88D1AE7B1AA8341B000F5FA9 /* UMSocialSnsPlatformManager.h */,
				88D1AE7C1AA8341B000F5FA9 /* UMSocialSnsService.h */,
			);
			path = Header;
			sourceTree = "<group>";
		};
		88D1AE7E1AA8341B000F5FA9 /* SocialSDKXib */ = {
			isa = PBXGroup;
			children = (
				88D1AE7F1AA8341B000F5FA9 /* UMSCommentDetailController.xib */,
				88D1AE801AA8341B000F5FA9 /* UMSCommentInputController.xib */,
				88D1AE811AA8341B000F5FA9 /* UMSCommentInputControlleriPad.xib */,
				88D1AE821AA8341B000F5FA9 /* UMShareEditViewController.xib */,
				88D1AE831AA8341B000F5FA9 /* UMShareEditViewControlleriPad.xib */,
				88D1AE841AA8341B000F5FA9 /* UMSLoginViewController.xib */,
				88D1AE851AA8341B000F5FA9 /* UMSnsAccountViewController.xib */,
				88D1AE861AA8341B000F5FA9 /* UMSShareListController.xib */,
			);
			path = SocialSDKXib;
			sourceTree = "<group>";
		};
		88D1AE941AA83434000F5FA9 /* UMSocial_Sdk_Extra_Frameworks */ = {
			isa = PBXGroup;
			children = (
				88D1AE951AA83434000F5FA9 /* Sina */,
				88D1AE981AA83434000F5FA9 /* UMSocial_ScreenShot_Sdk */,
			);
			path = UMSocial_Sdk_Extra_Frameworks;
			sourceTree = "<group>";
		};
		88D1AE951AA83434000F5FA9 /* Sina */ = {
			isa = PBXGroup;
			children = (
				88D1AE961AA83434000F5FA9 /* libSocialSina.a */,
				88D1AE971AA83434000F5FA9 /* UMSocialSinaHandler.h */,
			);
			path = Sina;
			sourceTree = "<group>";
		};
		88D1AE981AA83434000F5FA9 /* UMSocial_ScreenShot_Sdk */ = {
			isa = PBXGroup;
			children = (
				88D1AE991AA83434000F5FA9 /* ios-social-sdk-shake.html */,
				88D1AE9A1AA83434000F5FA9 /* libUMSocial_Sdk_ScreenShot_1.0.a */,
				88D1AE9B1AA83434000F5FA9 /* UMSocialScreenShoter.h */,
			);
			path = UMSocial_ScreenShot_Sdk;
			sourceTree = "<group>";
		};
		88D1AE9F1AA89337000F5FA9 /* jsoncpp */ = {
			isa = PBXGroup;
			children = (
				88D1AEA01AA89337000F5FA9 /* include */,
				88D1AEAA1AA89337000F5FA9 /* src */,
			);
			path = jsoncpp;
			sourceTree = "<group>";
		};
		88D1AEA01AA89337000F5FA9 /* include */ = {
			isa = PBXGroup;
			children = (
				88D1AEA11AA89337000F5FA9 /* json */,
			);
			path = include;
			sourceTree = "<group>";
		};
		88D1AEA11AA89337000F5FA9 /* json */ = {
			isa = PBXGroup;
			children = (
				88D1AEA21AA89337000F5FA9 /* autolink.h */,
				88D1AEA31AA89337000F5FA9 /* config.h */,
				88D1AEA41AA89337000F5FA9 /* features.h */,
				88D1AEA51AA89337000F5FA9 /* forwards.h */,
				88D1AEA61AA89337000F5FA9 /* jsons.h */,
				88D1AEA71AA89337000F5FA9 /* reader.h */,
				88D1AEA81AA89337000F5FA9 /* value.h */,
				88D1AEA91AA89337000F5FA9 /* writer.h */,
			);
			path = json;
			sourceTree = "<group>";
		};
		88D1AEAA1AA89337000F5FA9 /* src */ = {
			isa = PBXGroup;
			children = (
				88D1AEAB1AA89337000F5FA9 /* lib_json */,
			);
			path = src;
			sourceTree = "<group>";
		};
		88D1AEAB1AA89337000F5FA9 /* lib_json */ = {
			isa = PBXGroup;
			children = (
				88D1AEAC1AA89337000F5FA9 /* json_batchallocator.h */,
				88D1AEAD1AA89337000F5FA9 /* json_internalarray.inl */,
				88D1AEAE1AA89337000F5FA9 /* json_internalmap.inl */,
				88D1AEAF1AA89337000F5FA9 /* json_reader.cpp */,
				88D1AEB01AA89337000F5FA9 /* json_value.cpp */,
				88D1AEB11AA89337000F5FA9 /* json_valueiterator.inl */,
				88D1AEB21AA89337000F5FA9 /* json_writer.cpp */,
			);
			path = lib_json;
			sourceTree = "<group>";
		};
		88FA50191AC5A35400723E00 /* spotlib */ = {
			isa = PBXGroup;
			children = (
				88FA501A1AC5A35400723E00 /* include */,
				88FA501E1AC5A35400723E00 /* youmispot.a */,
			);
			path = spotlib;
			sourceTree = "<group>";
		};
		88FA501A1AC5A35400723E00 /* include */ = {
			isa = PBXGroup;
			children = (
				88FA501B1AC5A35400723E00 /* ConfigHeader.h */,
				88FA501C1AC5A35400723E00 /* symbols_spotconfuse.h */,
				88FA501D1AC5A35400723E00 /* YouMiNewSpot.h */,
			);
			path = include;
			sourceTree = "<group>";
		};
		F8E442E8A6DD0F13A8C853CC /* mac-libs */ = {
			isa = PBXGroup;
			children = (
				7C6F44AB94788DFDFB07133F /* libcocos2d Mac.a */,
			);
			name = "mac-libs";
			sourceTree = "<group>";
		};
		FA5D47C1B3E9A34D6FC3A16E /* ios-libs */ = {
			isa = PBXGroup;
			children = (
				606A4975BBA2A15E7A8EC014 /* libcocos2d iOS.a */,
			);
			name = "ios-libs";
			sourceTree = "<group>";
		};
/* End PBXGroup section */

/* Begin PBXNativeTarget section */
		1D6058900D05DD3D006BFB54 /* MyCppGame iOS */ = {
			isa = PBXNativeTarget;
			buildConfigurationList = 1D6058960D05DD3E006BFB54 /* Build configuration list for PBXNativeTarget "MyCppGame iOS" */;
			buildPhases = (
				1D60588D0D05DD3D006BFB54 /* Resources */,
				1D60588E0D05DD3D006BFB54 /* Sources */,
				1D60588F0D05DD3D006BFB54 /* Frameworks */,
			);
			buildRules = (
			);
			dependencies = (
			);
			name = "MyCppGame iOS";
			productName = iphone;
			productReference = 1D6058910D05DD3D006BFB54 /* MyCppGame iOS.app */;
			productType = "com.apple.product-type.application";
		};
		5087E73D17EB910900C73F5D /* MyCppGame Mac */ = {
			isa = PBXNativeTarget;
			buildConfigurationList = 5087E76C17EB910900C73F5D /* Build configuration list for PBXNativeTarget "MyCppGame Mac" */;
			buildPhases = (
				5087E74817EB910900C73F5D /* Resources */,
				5087E75617EB910900C73F5D /* Sources */,
				5087E75C17EB910900C73F5D /* Frameworks */,
			);
			buildRules = (
			);
			dependencies = (
			);
			name = "MyCppGame Mac";
			productName = iphone;
			productReference = 5087E76F17EB910900C73F5D /* MyCppGame Mac.app */;
			productType = "com.apple.product-type.application";
		};
/* End PBXNativeTarget section */

/* Begin PBXProject section */
		29B97313FDCFA39411CA2CEA /* Project object */ = {
			isa = PBXProject;
			attributes = {
				LastUpgradeCheck = 0500;
				TargetAttributes = {
					1D6058900D05DD3D006BFB54 = {
						DevelopmentTeam = TTZ7L8R6XA;
						SystemCapabilities = {
							com.apple.InAppPurchase = {
								enabled = 1;
							};
						};
					};
				};
			};
			buildConfigurationList = C01FCF4E08A954540054247B /* Build configuration list for PBXProject "MyCppGame" */;
			compatibilityVersion = "Xcode 3.2";
			developmentRegion = English;
			hasScannedForEncodings = 1;
			knownRegions = (
				English,
				Japanese,
				French,
				German,
				"zh-Hans",
				en,
			);
			mainGroup = 29B97314FDCFA39411CA2CEA /* CustomTemplate */;
			projectDirPath = "";
			projectRoot = "";
			targets = (
				1D6058900D05DD3D006BFB54 /* MyCppGame iOS */,
				5087E73D17EB910900C73F5D /* MyCppGame Mac */,
			);
		};
/* End PBXProject section */

/* Begin PBXResourcesBuildPhase section */
		1D60588D0D05DD3D006BFB54 /* Resources */ = {
			isa = PBXResourcesBuildPhase;
			buildActionMask = 2147483647;
			files = (
				88D1AE8F1AA8341B000F5FA9 /* UMShareEditViewControlleriPad.xib in Resources */,
				88D1AE8B1AA8341B000F5FA9 /* UMSCommentDetailController.xib in Resources */,
				88D1AE651AA83189000F5FA9 /* Info.plist in Resources */,
				88762E391AAA08C500E94657 /* Images.xcassets in Resources */,
				88D1AEB71AA89337000F5FA9 /* json_valueiterator.inl in Resources */,
				88D1AE8C1AA8341B000F5FA9 /* UMSCommentInputController.xib in Resources */,
				88D1AE911AA8341B000F5FA9 /* UMSnsAccountViewController.xib in Resources */,
				88D1AE8D1AA8341B000F5FA9 /* UMSCommentInputControlleriPad.xib in Resources */,
				88D1AE9D1AA83434000F5FA9 /* ios-social-sdk-shake.html in Resources */,
				88D1AE921AA8341B000F5FA9 /* UMSShareListController.xib in Resources */,
				A26E47D3A498AB0ADAC85CF9 /* res in Resources */,
				88D1AEB41AA89337000F5FA9 /* json_internalmap.inl in Resources */,
				88D1AE931AA8341B000F5FA9 /* UMSocialSDKResourcesNew.bundle in Resources */,
				8890D2DC1AC7DAAF00BBF0DE /* InfoPlist.strings in Resources */,
				88D1AE901AA8341B000F5FA9 /* UMSLoginViewController.xib in Resources */,
				88D1AEB31AA89337000F5FA9 /* json_internalarray.inl in Resources */,
				88D1AE891AA8341B000F5FA9 /* UMSocialLocalizable.strings in Resources */,
				88D1AE8E1AA8341B000F5FA9 /* UMShareEditViewController.xib in Resources */,
			);
			runOnlyForDeploymentPostprocessing = 0;
		};
		5087E74817EB910900C73F5D /* Resources */ = {
			isa = PBXResourcesBuildPhase;
			buildActionMask = 2147483647;
			files = (
				503AE0F817EB97AB00D1A890 /* Icon.icns in Resources */,
				AD9F4042A3BB98273BCD18C0 /* res in Resources */,
			);
			runOnlyForDeploymentPostprocessing = 0;
		};
/* End PBXResourcesBuildPhase section */

/* Begin PBXSourcesBuildPhase section */
		1D60588E0D05DD3D006BFB54 /* Sources */ = {
			isa = PBXSourcesBuildPhase;
			buildActionMask = 2147483647;
			files = (
				88D1AE661AA83189000F5FA9 /* main.m in Sources */,
				88D04EC81AA614EF001AD6E4 /* Interface.cpp in Sources */,
				46880B8819C43A87006E1F66 /* AppDelegate.cpp in Sources */,
				88D04EC71AA614EF001AD6E4 /* Interface_ios.mm in Sources */,
				88D1AEB51AA89337000F5FA9 /* json_reader.cpp in Sources */,
				88D1AE671AA83189000F5FA9 /* RootViewController.mm in Sources */,
				88D1AEB81AA89337000F5FA9 /* json_writer.cpp in Sources */,
				880AB8751AAB05990057E013 /* Interface_android.cpp in Sources */,
				884249481A8BB6180044ABE6 /* GameMap.cpp in Sources */,
				88D1AEB61AA89337000F5FA9 /* json_value.cpp in Sources */,
				885F129B1A7A95330037814F /* Global.cpp in Sources */,
				88ED58701AAB715100899BFD /* LogoScene.cpp in Sources */,
				885F12981A7A92C90037814F /* MainMenuScene.cpp in Sources */,
				88762E401AAA20AA00E94657 /* FirstScene.cpp in Sources */,
				88D1AE521AA83189000F5FA9 /* AppController.mm in Sources */,
				8894509F1AA76324005A3DCE /* TipLayer.cpp in Sources */,
				88A328C51A89082900575160 /* Lump.cpp in Sources */,
			);
			runOnlyForDeploymentPostprocessing = 0;
		};
		5087E75617EB910900C73F5D /* Sources */ = {
			isa = PBXSourcesBuildPhase;
			buildActionMask = 2147483647;
			files = (
				46880B8919C43A87006E1F66 /* AppDelegate.cpp in Sources */,
				503AE10517EB98FF00D1A890 /* main.cpp in Sources */,
			);
			runOnlyForDeploymentPostprocessing = 0;
		};
/* End PBXSourcesBuildPhase section */

/* Begin PBXVariantGroup section */
		8890D2DE1AC7DAAF00BBF0DE /* InfoPlist.strings */ = {
			isa = PBXVariantGroup;
			children = (
				8890D2DF1AC7DB0D00BBF0DE /* zh-Hans */,
				889DBCEA1AC83ABE0026EE74 /* en */,
			);
			name = InfoPlist.strings;
			sourceTree = "<group>";
		};
		88D1AE6F1AA8341B000F5FA9 /* UMSocialLocalizable.strings */ = {
			isa = PBXVariantGroup;
			children = (
				88D1AE881AA8341B000F5FA9 /* zh-Hans */,
				889DBCE91AC83ABD0026EE74 /* en */,
			);
			name = UMSocialLocalizable.strings;
			sourceTree = "<group>";
		};
/* End PBXVariantGroup section */

/* Begin XCBuildConfiguration section */
		1D6058940D05DD3E006BFB54 /* Debug */ = {
			isa = XCBuildConfiguration;
			buildSettings = {
				ALWAYS_SEARCH_USER_PATHS = YES;
				ASSETCATALOG_COMPILER_APPICON_NAME = AppIcon;
				ASSETCATALOG_COMPILER_LAUNCHIMAGE_NAME = LaunchImage;
				CODE_SIGN_IDENTITY = "iPhone Developer";
				"CODE_SIGN_IDENTITY[sdk=iphoneos*]" = "iPhone Developer";
				COMPRESS_PNG_FILES = NO;
				FRAMEWORK_SEARCH_PATHS = (
					"$(inherited)",
					"/Users/jiyao/Downloads/GoogleMobileAdsSdkiOS-7.0-2.0",
					"$(PROJECT_DIR)/UMSocial_Sdk_Extra_Frameworks/TencentOpenAPI",
				);
				GCC_DYNAMIC_NO_PIC = NO;
				GCC_INLINES_ARE_PRIVATE_EXTERN = NO;
				GCC_PRECOMPILE_PREFIX_HEADER = YES;
				GCC_PREFIX_HEADER = ios/Prefix.pch;
				GCC_PREPROCESSOR_DEFINITIONS = (
					USE_FILE32API,
					CC_TARGET_OS_IPHONE,
					"COCOS2D_DEBUG=1",
					"CC_ENABLE_CHIPMUNK_INTEGRATION=1",
				);
				GCC_SYMBOLS_PRIVATE_EXTERN = NO;
				HEADER_SEARCH_PATHS = (
					"$(inherited)",
					"/Applications/Cocos/frameworks/cocos2d-x/cocos/platform/ios",
					"/Applications/Cocos/frameworks/cocos2d-x/cocos/platform/ios/Simulation",
				);
				INFOPLIST_FILE = ios/Info.plist;
				IPHONEOS_DEPLOYMENT_TARGET = 5.1.1;
				LIBRARY_SEARCH_PATHS = (
					"/Applications/Cocos/frameworks/cocos2d-x/prebuilt/ios",
					"$(PROJECT_DIR)",
					/Users/jiyao/Downloads/UMCocos2dxAnalyticsNative/ios,
					"$(PROJECT_DIR)/UMSocial_Sdk_4.2",
					"$(PROJECT_DIR)/UMSocial_Sdk_Extra_Frameworks/Facebook",
					"$(PROJECT_DIR)/UMSocial_Sdk_Extra_Frameworks/Instagram",
					"$(PROJECT_DIR)/UMSocial_Sdk_Extra_Frameworks/Line",
					"$(PROJECT_DIR)/UMSocial_Sdk_Extra_Frameworks/Sina",
					"$(PROJECT_DIR)/UMSocial_Sdk_Extra_Frameworks/TencentOpenAPI",
					"$(PROJECT_DIR)/UMSocial_Sdk_Extra_Frameworks/Twitter",
					"$(PROJECT_DIR)/UMSocial_Sdk_Extra_Frameworks/Wechat",
					"$(PROJECT_DIR)/UMSocial_Sdk_Extra_Frameworks/YiXin",
					"$(PROJECT_DIR)/ios",
					"$(PROJECT_DIR)/ios/UMSocial_Sdk_4.2.1",
					"$(PROJECT_DIR)/ios/UMSocial_Sdk_Extra_Frameworks/Sina",
					"$(PROJECT_DIR)/ios/UMSocial_Sdk_Extra_Frameworks/UMSocial_ScreenShot_Sdk",
					"$(PROJECT_DIR)/ios/spotlib",
				);
				PROVISIONING_PROFILE = "";
				SDKROOT = iphoneos;
				TARGETED_DEVICE_FAMILY = "1,2";
				USER_HEADER_SEARCH_PATHS = "";
				VALID_ARCHS = "arm64 armv7";
			};
			name = Debug;
		};
		1D6058950D05DD3E006BFB54 /* Release */ = {
			isa = XCBuildConfiguration;
			buildSettings = {
				ALWAYS_SEARCH_USER_PATHS = YES;
				ASSETCATALOG_COMPILER_APPICON_NAME = AppIcon;
				ASSETCATALOG_COMPILER_LAUNCHIMAGE_NAME = LaunchImage;
				CODE_SIGN_IDENTITY = "iPhone Developer";
				"CODE_SIGN_IDENTITY[sdk=iphoneos*]" = "iPhone Developer";
				COMPRESS_PNG_FILES = NO;
				FRAMEWORK_SEARCH_PATHS = (
					"$(inherited)",
					"/Users/jiyao/Downloads/GoogleMobileAdsSdkiOS-7.0-2.0",
					"$(PROJECT_DIR)/UMSocial_Sdk_Extra_Frameworks/TencentOpenAPI",
				);
				GCC_INLINES_ARE_PRIVATE_EXTERN = NO;
				GCC_PRECOMPILE_PREFIX_HEADER = YES;
				GCC_PREFIX_HEADER = ios/Prefix.pch;
				GCC_PREPROCESSOR_DEFINITIONS = (
					USE_FILE32API,
					CC_TARGET_OS_IPHONE,
					"CC_ENABLE_CHIPMUNK_INTEGRATION=1",
				);
				GCC_SYMBOLS_PRIVATE_EXTERN = NO;
				HEADER_SEARCH_PATHS = (
					"$(inherited)",
					"/Applications/Cocos/frameworks/cocos2d-x/cocos/platform/ios",
					"/Applications/Cocos/frameworks/cocos2d-x/cocos/platform/ios/Simulation",
				);
				INFOPLIST_FILE = ios/Info.plist;
				IPHONEOS_DEPLOYMENT_TARGET = 5.1.1;
				LIBRARY_SEARCH_PATHS = (
					"/Applications/Cocos/frameworks/cocos2d-x/prebuilt/ios",
					"$(PROJECT_DIR)",
					/Users/jiyao/Downloads/UMCocos2dxAnalyticsNative/ios,
					"$(PROJECT_DIR)/UMSocial_Sdk_4.2",
					"$(PROJECT_DIR)/UMSocial_Sdk_Extra_Frameworks/Facebook",
					"$(PROJECT_DIR)/UMSocial_Sdk_Extra_Frameworks/Instagram",
					"$(PROJECT_DIR)/UMSocial_Sdk_Extra_Frameworks/Line",
					"$(PROJECT_DIR)/UMSocial_Sdk_Extra_Frameworks/Sina",
					"$(PROJECT_DIR)/UMSocial_Sdk_Extra_Frameworks/TencentOpenAPI",
					"$(PROJECT_DIR)/UMSocial_Sdk_Extra_Frameworks/Twitter",
					"$(PROJECT_DIR)/UMSocial_Sdk_Extra_Frameworks/Wechat",
					"$(PROJECT_DIR)/UMSocial_Sdk_Extra_Frameworks/YiXin",
					"$(PROJECT_DIR)/ios",
					"$(PROJECT_DIR)/ios/UMSocial_Sdk_4.2.1",
					"$(PROJECT_DIR)/ios/UMSocial_Sdk_Extra_Frameworks/Sina",
					"$(PROJECT_DIR)/ios/UMSocial_Sdk_Extra_Frameworks/UMSocial_ScreenShot_Sdk",
					"$(PROJECT_DIR)/ios/spotlib",
				);
				PROVISIONING_PROFILE = "";
				SDKROOT = iphoneos;
				TARGETED_DEVICE_FAMILY = "1,2";
				USER_HEADER_SEARCH_PATHS = "";
				VALID_ARCHS = "arm64 armv7";
			};
			name = Release;
		};
		5087E76D17EB910900C73F5D /* Debug */ = {
			isa = XCBuildConfiguration;
			buildSettings = {
				ALWAYS_SEARCH_USER_PATHS = YES;
				ARCHS = "$(ARCHS_STANDARD_64_BIT)";
				CLANG_CXX_LANGUAGE_STANDARD = "c++0x";
				CLANG_CXX_LIBRARY = "libc++";
				GCC_DYNAMIC_NO_PIC = NO;
				GCC_INLINES_ARE_PRIVATE_EXTERN = NO;
				GCC_PRECOMPILE_PREFIX_HEADER = YES;
				GCC_PREFIX_HEADER = mac/Prefix.pch;
				GCC_PREPROCESSOR_DEFINITIONS = (
					USE_FILE32API,
					CC_TARGET_OS_MAC,
					"COCOS2D_DEBUG=1",
					"CC_ENABLE_CHIPMUNK_INTEGRATION=1",
				);
				GCC_SYMBOLS_PRIVATE_EXTERN = NO;
				HEADER_SEARCH_PATHS = (
					"$(inherited)",
					"/Applications/Cocos/frameworks/cocos2d-x/cocos/platform/mac",
					"/Applications/Cocos/frameworks/cocos2d-x/external/glfw3/include/mac",
				);
				INFOPLIST_FILE = mac/Info.plist;
				LIBRARY_SEARCH_PATHS = " /Applications/Cocos/frameworks/cocos2d-x/prebuilt/mac";
				USER_HEADER_SEARCH_PATHS = "";
			};
			name = Debug;
		};
		5087E76E17EB910900C73F5D /* Release */ = {
			isa = XCBuildConfiguration;
			buildSettings = {
				ALWAYS_SEARCH_USER_PATHS = YES;
				ARCHS = "$(ARCHS_STANDARD_64_BIT)";
				CLANG_CXX_LANGUAGE_STANDARD = "c++0x";
				CLANG_CXX_LIBRARY = "libc++";
				GCC_INLINES_ARE_PRIVATE_EXTERN = NO;
				GCC_PRECOMPILE_PREFIX_HEADER = YES;
				GCC_PREFIX_HEADER = mac/Prefix.pch;
				GCC_PREPROCESSOR_DEFINITIONS = (
					USE_FILE32API,
					CC_TARGET_OS_MAC,
					"CC_ENABLE_CHIPMUNK_INTEGRATION=1",
				);
				GCC_SYMBOLS_PRIVATE_EXTERN = NO;
				HEADER_SEARCH_PATHS = (
					"$(inherited)",
					"/Applications/Cocos/frameworks/cocos2d-x/cocos/platform/mac",
					"/Applications/Cocos/frameworks/cocos2d-x/external/glfw3/include/mac",
				);
				INFOPLIST_FILE = mac/Info.plist;
				LIBRARY_SEARCH_PATHS = " /Applications/Cocos/frameworks/cocos2d-x/prebuilt/mac";
				USER_HEADER_SEARCH_PATHS = "";
			};
			name = Release;
		};
		C01FCF4F08A954540054247B /* Debug */ = {
			isa = XCBuildConfiguration;
			buildSettings = {
				CLANG_CXX_LANGUAGE_STANDARD = "c++0x";
				CLANG_CXX_LIBRARY = "libc++";
				COPY_PHASE_STRIP = NO;
				GCC_OPTIMIZATION_LEVEL = 0;
				GCC_WARN_ABOUT_RETURN_TYPE = YES;
				GCC_WARN_UNUSED_VARIABLE = YES;
				HEADER_SEARCH_PATHS = (
					"/Applications/Cocos/frameworks/cocos2d-x",
					"/Applications/Cocos/frameworks/cocos2d-x/cocos",
					"/Applications/Cocos/frameworks/cocos2d-x/cocos/base",
					"/Applications/Cocos/frameworks/cocos2d-x/cocos/physics",
					"/Applications/Cocos/frameworks/cocos2d-x/cocos/math",
					"/Applications/Cocos/frameworks/cocos2d-x/cocos/2d",
					"/Applications/Cocos/frameworks/cocos2d-x/cocos/ui",
					"/Applications/Cocos/frameworks/cocos2d-x/cocos/network",
					"/Applications/Cocos/frameworks/cocos2d-x/cocos/audio/include",
					"/Applications/Cocos/frameworks/cocos2d-x/cocos/editor-support",
					"/Applications/Cocos/frameworks/cocos2d-x/extensions",
					"/Applications/Cocos/frameworks/cocos2d-x/external",
					"/Applications/Cocos/frameworks/cocos2d-x/external/chipmunk/include/chipmunk",
				);
				MACOSX_DEPLOYMENT_TARGET = 10.7;
				ONLY_ACTIVE_ARCH = YES;
				PRODUCT_NAME = "$(TARGET_NAME)";
				SDKROOT = macosx;
			};
			name = Debug;
		};
		C01FCF5008A954540054247B /* Release */ = {
			isa = XCBuildConfiguration;
			buildSettings = {
				CLANG_CXX_LANGUAGE_STANDARD = "c++0x";
				CLANG_CXX_LIBRARY = "libc++";
				GCC_WARN_ABOUT_RETURN_TYPE = YES;
				GCC_WARN_UNUSED_VARIABLE = YES;
				HEADER_SEARCH_PATHS = (
					"/Applications/Cocos/frameworks/cocos2d-x",
					"/Applications/Cocos/frameworks/cocos2d-x/cocos",
					"/Applications/Cocos/frameworks/cocos2d-x/cocos/base",
					"/Applications/Cocos/frameworks/cocos2d-x/cocos/physics",
					"/Applications/Cocos/frameworks/cocos2d-x/cocos/math",
					"/Applications/Cocos/frameworks/cocos2d-x/cocos/2d",
					"/Applications/Cocos/frameworks/cocos2d-x/cocos/ui",
					"/Applications/Cocos/frameworks/cocos2d-x/cocos/network",
					"/Applications/Cocos/frameworks/cocos2d-x/cocos/audio/include",
					"/Applications/Cocos/frameworks/cocos2d-x/cocos/editor-support",
					"/Applications/Cocos/frameworks/cocos2d-x/extensions",
					"/Applications/Cocos/frameworks/cocos2d-x/external",
					"/Applications/Cocos/frameworks/cocos2d-x/external/chipmunk/include/chipmunk",
				);
				MACOSX_DEPLOYMENT_TARGET = 10.7;
				OTHER_CFLAGS = "-DNS_BLOCK_ASSERTIONS=1";
				PRODUCT_NAME = "$(TARGET_NAME)";
				SDKROOT = macosx;
				VALIDATE_PRODUCT = YES;
			};
			name = Release;
		};
/* End XCBuildConfiguration section */

/* Begin XCConfigurationList section */
		1D6058960D05DD3E006BFB54 /* Build configuration list for PBXNativeTarget "MyCppGame iOS" */ = {
			isa = XCConfigurationList;
			buildConfigurations = (
				1D6058940D05DD3E006BFB54 /* Debug */,
				1D6058950D05DD3E006BFB54 /* Release */,
			);
			defaultConfigurationIsVisible = 0;
			defaultConfigurationName = Debug;
		};
		5087E76C17EB910900C73F5D /* Build configuration list for PBXNativeTarget "MyCppGame Mac" */ = {
			isa = XCConfigurationList;
			buildConfigurations = (
				5087E76D17EB910900C73F5D /* Debug */,
				5087E76E17EB910900C73F5D /* Release */,
			);
			defaultConfigurationIsVisible = 0;
			defaultConfigurationName = Debug;
		};
		C01FCF4E08A954540054247B /* Build configuration list for PBXProject "MyCppGame" */ = {
			isa = XCConfigurationList;
			buildConfigurations = (
				C01FCF4F08A954540054247B /* Debug */,
				C01FCF5008A954540054247B /* Release */,
			);
			defaultConfigurationIsVisible = 0;
			defaultConfigurationName = Debug;
		};
/* End XCConfigurationList section */
	};
	rootObject = 29B97313FDCFA39411CA2CEA /* Project object */;
}
